// !$*UTF8*$!
{
	archiveVersion = 1;
	classes = {
	};
	objectVersion = 77;
	objects = {

/* Begin PBXContainerItemProxy section */
		606076D32E3FEB08000A1DA9 /* PBXContainerItemProxy */ = {
			isa = PBXContainerItemProxy;
			containerPortal = 606076BA2E3FEB08000A1DA9 /* Project object */;
			proxyType = 1;
			remoteGlobalIDString = 606076C12E3FEB08000A1DA9;
			remoteInfo = financefriend;
		};
		606076DD2E3FEB08000A1DA9 /* PBXContainerItemProxy */ = {
			isa = PBXContainerItemProxy;
			containerPortal = 606076BA2E3FEB08000A1DA9 /* Project object */;
			proxyType = 1;
			remoteGlobalIDString = 606076C12E3FEB08000A1DA9;
			remoteInfo = financefriend;
		};
/* End PBXContainerItemProxy section */

/* Begin PBXFileReference section */
		606076C22E3FEB08000A1DA9 /* financefriend.app */ = {isa = PBXFileReference; explicitFileType = wrapper.application; includeInIndex = 0; path = financefriend.app; sourceTree = BUILT_PRODUCTS_DIR; };
		606076D22E3FEB08000A1DA9 /* financefriendTests.xctest */ = {isa = PBXFileReference; explicitFileType = wrapper.cfbundle; includeInIndex = 0; path = financefriendTests.xctest; sourceTree = BUILT_PRODUCTS_DIR; };
		606076DC2E3FEB08000A1DA9 /* financefriendUITests.xctest */ = {isa = PBXFileReference; explicitFileType = wrapper.cfbundle; includeInIndex = 0; path = financefriendUITests.xctest; sourceTree = BUILT_PRODUCTS_DIR; };
/* End PBXFileReference section */

/* Begin PBXFileSystemSynchronizedRootGroup section */
		606076C42E3FEB08000A1DA9 /* financefriend */ = {
			isa = PBXFileSystemSynchronizedRootGroup;
			path = financefriend;
			sourceTree = "<group>";
		};
		606076D52E3FEB08000A1DA9 /* financefriendTests */ = {
			isa = PBXFileSystemSynchronizedRootGroup;
			path = financefriendTests;
			sourceTree = "<group>";
		};
		606076DF2E3FEB08000A1DA9 /* financefriendUITests */ = {
			isa = PBXFileSystemSynchronizedRootGroup;
			path = financefriendUITests;
			sourceTree = "<group>";
		};
/* End PBXFileSystemSynchronizedRootGroup section */

/* Begin PBXFrameworksBuildPhase section */
		606076BF2E3FEB08000A1DA9 /* Frameworks */ = {
			isa = PBXFrameworksBuildPhase;
			buildActionMask = 2147483647;
			files = (
			);
			runOnlyForDeploymentPostprocessing = 0;
		};
		606076CF2E3FEB08000A1DA9 /* Frameworks */ = {
			isa = PBXFrameworksBuildPhase;
			buildActionMask = 2147483647;
			files = (
			);
			runOnlyForDeploymentPostprocessing = 0;
		};
		606076D92E3FEB08000A1DA9 /* Frameworks */ = {
			isa = PBXFrameworksBuildPhase;
			buildActionMask = 2147483647;
			files = (
			);
			runOnlyForDeploymentPostprocessing = 0;
		};
/* End PBXFrameworksBuildPhase section */

/* Begin PBXGroup section */
		606076B92E3FEB08000A1DA9 = {
			isa = PBXGroup;
			children = (
				606076C42E3FEB08000A1DA9 /* financefriend */,
				606076D52E3FEB08000A1DA9 /* financefriendTests */,
				606076DF2E3FEB08000A1DA9 /* financefriendUITests */,
				606076C32E3FEB08000A1DA9 /* Products */,
			);
			sourceTree = "<group>";
		};
		606076C32E3FEB08000A1DA9 /* Products */ = {
			isa = PBXGroup;
			children = (
				606076C22E3FEB08000A1DA9 /* financefriend.app */,
				606076D22E3FEB08000A1DA9 /* financefriendTests.xctest */,
				606076DC2E3FEB08000A1DA9 /* financefriendUITests.xctest */,
			);
			name = Products;
			sourceTree = "<group>";
		};
/* End PBXGroup section */

/* Begin PBXNativeTarget section */
		606076C12E3FEB08000A1DA9 /* financefriend */ = {
			isa = PBXNativeTarget;
			buildConfigurationList = 606076E62E3FEB08000A1DA9 /* Build configuration list for PBXNativeTarget "financefriend" */;
			buildPhases = (
				606076BE2E3FEB08000A1DA9 /* Sources */,
				606076BF2E3FEB08000A1DA9 /* Frameworks */,
				606076C02E3FEB08000A1DA9 /* Resources */,
			);
			buildRules = (
			);
			dependencies = (
			);
			fileSystemSynchronizedGroups = (
				606076C42E3FEB08000A1DA9 /* financefriend */,
			);
			name = financefriend;
			packageProductDependencies = (
			);
			productName = financefriend;
			productReference = 606076C22E3FEB08000A1DA9 /* financefriend.app */;
			productType = "com.apple.product-type.application";
		};
		606076D12E3FEB08000A1DA9 /* financefriendTests */ = {
			isa = PBXNativeTarget;
			buildConfigurationList = 606076E92E3FEB08000A1DA9 /* Build configuration list for PBXNativeTarget "financefriendTests" */;
			buildPhases = (
				606076CE2E3FEB08000A1DA9 /* Sources */,
				606076CF2E3FEB08000A1DA9 /* Frameworks */,
				606076D02E3FEB08000A1DA9 /* Resources */,
			);
			buildRules = (
			);
			dependencies = (
				606076D42E3FEB08000A1DA9 /* PBXTargetDependency */,
			);
			fileSystemSynchronizedGroups = (
				606076D52E3FEB08000A1DA9 /* financefriendTests */,
			);
			name = financefriendTests;
			packageProductDependencies = (
			);
			productName = financefriendTests;
			productReference = 606076D22E3FEB08000A1DA9 /* financefriendTests.xctest */;
			productType = "com.apple.product-type.bundle.unit-test";
		};
		606076DB2E3FEB08000A1DA9 /* financefriendUITests */ = {
			isa = PBXNativeTarget;
			buildConfigurationList = 606076EC2E3FEB08000A1DA9 /* Build configuration list for PBXNativeTarget "financefriendUITests" */;
			buildPhases = (
				606076D82E3FEB08000A1DA9 /* Sources */,
				606076D92E3FEB08000A1DA9 /* Frameworks */,
				606076DA2E3FEB08000A1DA9 /* Resources */,
			);
			buildRules = (
			);
			dependencies = (
				606076DE2E3FEB08000A1DA9 /* PBXTargetDependency */,
			);
			fileSystemSynchronizedGroups = (
				606076DF2E3FEB08000A1DA9 /* financefriendUITests */,
			);
			name = financefriendUITests;
			packageProductDependencies = (
			);
			productName = financefriendUITests;
			productReference = 606076DC2E3FEB08000A1DA9 /* financefriendUITests.xctest */;
			productType = "com.apple.product-type.bundle.ui-testing";
		};
/* End PBXNativeTarget section */

/* Begin PBXProject section */
		606076BA2E3FEB08000A1DA9 /* Project object */ = {
			isa = PBXProject;
			attributes = {
				BuildIndependentTargetsInParallel = 1;
				LastSwiftUpdateCheck = 1620;
				LastUpgradeCheck = 1620;
				TargetAttributes = {
					606076C12E3FEB08000A1DA9 = {
						CreatedOnToolsVersion = 16.2;
					};
					606076D12E3FEB08000A1DA9 = {
						CreatedOnToolsVersion = 16.2;
						TestTargetID = 606076C12E3FEB08000A1DA9;
					};
					606076DB2E3FEB08000A1DA9 = {
						CreatedOnToolsVersion = 16.2;
						TestTargetID = 606076C12E3FEB08000A1DA9;
					};
				};
			};
			buildConfigurationList = 606076BD2E3FEB08000A1DA9 /* Build configuration list for PBXProject "financefriend" */;
			developmentRegion = en;
			hasScannedForEncodings = 0;
			knownRegions = (
				en,
				Base,
			);
			mainGroup = 606076B92E3FEB08000A1DA9;
			minimizedProjectReferenceProxies = 1;
			preferredProjectObjectVersion = 77;
			productRefGroup = 606076C32E3FEB08000A1DA9 /* Products */;
			projectDirPath = "";
			projectRoot = "";
			targets = (
				606076C12E3FEB08000A1DA9 /* financefriend */,
				606076D12E3FEB08000A1DA9 /* financefriendTests */,
				606076DB2E3FEB08000A1DA9 /* financefriendUITests */,
			);
		};
/* End PBXProject section */

/* Begin PBXResourcesBuildPhase section */
		606076C02E3FEB08000A1DA9 /* Resources */ = {
			isa = PBXResourcesBuildPhase;
			buildActionMask = 2147483647;
			files = (
			);
			runOnlyForDeploymentPostprocessing = 0;
		};
		606076D02E3FEB08000A1DA9 /* Resources */ = {
			isa = PBXResourcesBuildPhase;
			buildActionMask = 2147483647;
			files = (
			);
			runOnlyForDeploymentPostprocessing = 0;
		};
		606076DA2E3FEB08000A1DA9 /* Resources */ = {
			isa = PBXResourcesBuildPhase;
			buildActionMask = 2147483647;
			files = (
			);
			runOnlyForDeploymentPostprocessing = 0;
		};
/* End PBXResourcesBuildPhase section */

/* Begin PBXSourcesBuildPhase section */
		606076BE2E3FEB08000A1DA9 /* Sources */ = {
			isa = PBXSourcesBuildPhase;
			buildActionMask = 2147483647;
			files = (
			);
			runOnlyForDeploymentPostprocessing = 0;
		};
		606076CE2E3FEB08000A1DA9 /* Sources */ = {
			isa = PBXSourcesBuildPhase;
			buildActionMask = 2147483647;
			files = (
			);
			runOnlyForDeploymentPostprocessing = 0;
		};
		606076D82E3FEB08000A1DA9 /* Sources */ = {
			isa = PBXSourcesBuildPhase;
			buildActionMask = 2147483647;
			files = (
			);
			runOnlyForDeploymentPostprocessing = 0;
		};
/* End PBXSourcesBuildPhase section */

/* Begin PBXTargetDependency section */
		606076D42E3FEB08000A1DA9 /* PBXTargetDependency */ = {
			isa = PBXTargetDependency;
			target = 606076C12E3FEB08000A1DA9 /* financefriend */;
			targetProxy = 606076D32E3FEB08000A1DA9 /* PBXContainerItemProxy */;
		};
		606076DE2E3FEB08000A1DA9 /* PBXTargetDependency */ = {
			isa = PBXTargetDependency;
			target = 606076C12E3FEB08000A1DA9 /* financefriend */;
			targetProxy = 606076DD2E3FEB08000A1DA9 /* PBXContainerItemProxy */;
		};
/* End PBXTargetDependency section */

/* Begin XCBuildConfiguration section */
		606076E42E3FEB08000A1DA9 /* Debug */ = {
			isa = XCBuildConfiguration;
			buildSettings = {
				ALWAYS_SEARCH_USER_PATHS = NO;
				ASSETCATALOG_COMPILER_GENERATE_SWIFT_ASSET_SYMBOL_EXTENSIONS = YES;
				CLANG_ANALYZER_NONNULL = YES;
				CLANG_ANALYZER_NUMBER_OBJECT_CONVERSION = YES_AGGRESSIVE;
				CLANG_CXX_LANGUAGE_STANDARD = "gnu++20";
				CLANG_ENABLE_MODULES = YES;
				CLANG_ENABLE_OBJC_ARC = YES;
				CLANG_ENABLE_OBJC_WEAK = YES;
				CLANG_WARN_BLOCK_CAPTURE_AUTORELEASING = YES;
				CLANG_WARN_BOOL_CONVERSION = YES;
				CLANG_WARN_COMMA = YES;
				CLANG_WARN_CONSTANT_CONVERSION = YES;
				CLANG_WARN_DEPRECATED_OBJC_IMPLEMENTATIONS = YES;
				CLANG_WARN_DIRECT_OBJC_ISA_USAGE = YES_ERROR;
				CLANG_WARN_DOCUMENTATION_COMMENTS = YES;
				CLANG_WARN_EMPTY_BODY = YES;
				CLANG_WARN_ENUM_CONVERSION = YES;
				CLANG_WARN_INFINITE_RECURSION = YES;
				CLANG_WARN_INT_CONVERSION = YES;
				CLANG_WARN_NON_LITERAL_NULL_CONVERSION = YES;
				CLANG_WARN_OBJC_IMPLICIT_RETAIN_SELF = YES;
				CLANG_WARN_OBJC_LITERAL_CONVERSION = YES;
				CLANG_WARN_OBJC_ROOT_CLASS = YES_ERROR;
				CLANG_WARN_QUOTED_INCLUDE_IN_FRAMEWORK_HEADER = YES;
				CLANG_WARN_RANGE_LOOP_ANALYSIS = YES;
				CLANG_WARN_STRICT_PROTOTYPES = YES;
				CLANG_WARN_SUSPICIOUS_MOVE = YES;
				CLANG_WARN_UNGUARDED_AVAILABILITY = YES_AGGRESSIVE;
				CLANG_WARN_UNREACHABLE_CODE = YES;
				CLANG_WARN__DUPLICATE_METHOD_MATCH = YES;
				COPY_PHASE_STRIP = NO;
				DEBUG_INFORMATION_FORMAT = dwarf;
				ENABLE_STRICT_OBJC_MSGSEND = YES;
				ENABLE_TESTABILITY = YES;
				ENABLE_USER_SCRIPT_SANDBOXING = YES;
				GCC_C_LANGUAGE_STANDARD = gnu17;
				GCC_DYNAMIC_NO_PIC = NO;
				GCC_NO_COMMON_BLOCKS = YES;
				GCC_OPTIMIZATION_LEVEL = 0;
				GCC_PREPROCESSOR_DEFINITIONS = (
					"DEBUG=1",
					"$(inherited)",
				);
				GCC_WARN_64_TO_32_BIT_CONVERSION = YES;
				GCC_WARN_ABOUT_RETURN_TYPE = YES_ERROR;
				GCC_WARN_UNDECLARED_SELECTOR = YES;
				GCC_WARN_UNINITIALIZED_AUTOS = YES_AGGRESSIVE;
				GCC_WARN_UNUSED_FUNCTION = YES;
				GCC_WARN_UNUSED_VARIABLE = YES;
				IPHONEOS_DEPLOYMENT_TARGET = 18.2;
				LOCALIZATION_PREFERS_STRING_CATALOGS = YES;
				MTL_ENABLE_DEBUG_INFO = INCLUDE_SOURCE;
				MTL_FAST_MATH = YES;
				ONLY_ACTIVE_ARCH = YES;
				SDKROOT = iphoneos;
				SWIFT_ACTIVE_COMPILATION_CONDITIONS = "DEBUG $(inherited)";
				SWIFT_OPTIMIZATION_LEVEL = "-Onone";
			};
			name = Debug;
		};
		606076E52E3FEB08000A1DA9 /* Release */ = {
			isa = XCBuildConfiguration;
			buildSettings = {
				ALWAYS_SEARCH_USER_PATHS = NO;
				ASSETCATALOG_COMPILER_GENERATE_SWIFT_ASSET_SYMBOL_EXTENSIONS = YES;
				CLANG_ANALYZER_NONNULL = YES;
				CLANG_ANALYZER_NUMBER_OBJECT_CONVERSION = YES_AGGRESSIVE;
				CLANG_CXX_LANGUAGE_STANDARD = "gnu++20";
				CLANG_ENABLE_MODULES = YES;
				CLANG_ENABLE_OBJC_ARC = YES;
				CLANG_ENABLE_OBJC_WEAK = YES;
				CLANG_WARN_BLOCK_CAPTURE_AUTORELEASING = YES;
				CLANG_WARN_BOOL_CONVERSION = YES;
				CLANG_WARN_COMMA = YES;
				CLANG_WARN_CONSTANT_CONVERSION = YES;
				CLANG_WARN_DEPRECATED_OBJC_IMPLEMENTATIONS = YES;
				CLANG_WARN_DIRECT_OBJC_ISA_USAGE = YES_ERROR;
				CLANG_WARN_DOCUMENTATION_COMMENTS = YES;
				CLANG_WARN_EMPTY_BODY = YES;
				CLANG_WARN_ENUM_CONVERSION = YES;
				CLANG_WARN_INFINITE_RECURSION = YES;
				CLANG_WARN_INT_CONVERSION = YES;
				CLANG_WARN_NON_LITERAL_NULL_CONVERSION = YES;
				CLANG_WARN_OBJC_IMPLICIT_RETAIN_SELF = YES;
				CLANG_WARN_OBJC_LITERAL_CONVERSION = YES;
				CLANG_WARN_OBJC_ROOT_CLASS = YES_ERROR;
				CLANG_WARN_QUOTED_INCLUDE_IN_FRAMEWORK_HEADER = YES;
				CLANG_WARN_RANGE_LOOP_ANALYSIS = YES;
				CLANG_WARN_STRICT_PROTOTYPES = YES;
				CLANG_WARN_SUSPICIOUS_MOVE = YES;
				CLANG_WARN_UNGUARDED_AVAILABILITY = YES_AGGRESSIVE;
				CLANG_WARN_UNREACHABLE_CODE = YES;
				CLANG_WARN__DUPLICATE_METHOD_MATCH = YES;
				COPY_PHASE_STRIP = NO;
				DEBUG_INFORMATION_FORMAT = "dwarf-with-dsym";
				ENABLE_NS_ASSERTIONS = NO;
				ENABLE_STRICT_OBJC_MSGSEND = YES;
				ENABLE_USER_SCRIPT_SANDBOXING = YES;
				GCC_C_LANGUAGE_STANDARD = gnu17;
				GCC_NO_COMMON_BLOCKS = YES;
				GCC_WARN_64_TO_32_BIT_CONVERSION = YES;
				GCC_WARN_ABOUT_RETURN_TYPE = YES_ERROR;
				GCC_WARN_UNDECLARED_SELECTOR = YES;
				GCC_WARN_UNINITIALIZED_AUTOS = YES_AGGRESSIVE;
				GCC_WARN_UNUSED_FUNCTION = YES;
				GCC_WARN_UNUSED_VARIABLE = YES;
				IPHONEOS_DEPLOYMENT_TARGET = 18.2;
				LOCALIZATION_PREFERS_STRING_CATALOGS = YES;
				MTL_ENABLE_DEBUG_INFO = NO;
				MTL_FAST_MATH = YES;
				SDKROOT = iphoneos;
				SWIFT_COMPILATION_MODE = wholemodule;
				VALIDATE_PRODUCT = YES;
			};
			name = Release;
		};
		606076E72E3FEB08000A1DA9 /* Debug */ = {
			isa = XCBuildConfiguration;
			buildSettings = {
				ASSETCATALOG_COMPILER_APPICON_NAME = AppIcon;
				ASSETCATALOG_COMPILER_GLOBAL_ACCENT_COLOR_NAME = AccentColor;
				CODE_SIGN_STYLE = Automatic;
				CURRENT_PROJECT_VERSION = 1;
				DEVELOPMENT_ASSET_PATHS = "\"financefriend/Preview Content\"";
				DEVELOPMENT_TEAM = NQMW98P65C;
				ENABLE_PREVIEWS = YES;
				GENERATE_INFOPLIST_FILE = YES;
				INFOPLIST_KEY_UIApplicationSceneManifest_Generation = YES;
				INFOPLIST_KEY_UIApplicationSupportsIndirectInputEvents = YES;
				INFOPLIST_KEY_UILaunchScreen_Generation = YES;
				INFOPLIST_KEY_UISupportedInterfaceOrientations_iPad = "UIInterfaceOrientationPortrait UIInterfaceOrientationPortraitUpsideDown UIInterfaceOrientationLandscapeLeft UIInterfaceOrientationLandscapeRight";
				INFOPLIST_KEY_UISupportedInterfaceOrientations_iPhone = "UIInterfaceOrientationPortrait UIInterfaceOrientationLandscapeLeft UIInterfaceOrientationLandscapeRight";
				LD_RUNPATH_SEARCH_PATHS = (
					"$(inherited)",
					"@executable_path/Frameworks",
				);
				MARKETING_VERSION = 1.0;
				PRODUCT_BUNDLE_IDENTIFIER = com.marcomartinez.financefriend;
				PRODUCT_NAME = "$(TARGET_NAME)";
				SWIFT_EMIT_LOC_STRINGS = YES;
				SWIFT_VERSION = 5.0;
				TARGETED_DEVICE_FAMILY = "1,2";
			};
			name = Debug;
		};
		606076E82E3FEB08000A1DA9 /* Release */ = {
			isa = XCBuildConfiguration;
			buildSettings = {
				ASSETCATALOG_COMPILER_APPICON_NAME = AppIcon;
				ASSETCATALOG_COMPILER_GLOBAL_ACCENT_COLOR_NAME = AccentColor;
				CODE_SIGN_STYLE = Automatic;
				CURRENT_PROJECT_VERSION = 1;
				DEVELOPMENT_ASSET_PATHS = "\"financefriend/Preview Content\"";
				DEVELOPMENT_TEAM = NQMW98P65C;
				ENABLE_PREVIEWS = YES;
				GENERATE_INFOPLIST_FILE = YES;
				INFOPLIST_KEY_UIApplicationSceneManifest_Generation = YES;
				INFOPLIST_KEY_UIApplicationSupportsIndirectInputEvents = YES;
				INFOPLIST_KEY_UILaunchScreen_Generation = YES;
				INFOPLIST_KEY_UISupportedInterfaceOrientations_iPad = "UIInterfaceOrientationPortrait UIInterfaceOrientationPortraitUpsideDown UIInterfaceOrientationLandscapeLeft UIInterfaceOrientationLandscapeRight";
				INFOPLIST_KEY_UISupportedInterfaceOrientations_iPhone = "UIInterfaceOrientationPortrait UIInterfaceOrientationLandscapeLeft UIInterfaceOrientationLandscapeRight";
				LD_RUNPATH_SEARCH_PATHS = (
					"$(inherited)",
					"@executable_path/Frameworks",
				);
				MARKETING_VERSION = 1.0;
				PRODUCT_BUNDLE_IDENTIFIER = com.marcomartinez.financefriend;
				PRODUCT_NAME = "$(TARGET_NAME)";
				SWIFT_EMIT_LOC_STRINGS = YES;
				SWIFT_VERSION = 5.0;
				TARGETED_DEVICE_FAMILY = "1,2";
			};
			name = Release;
		};
		606076EA2E3FEB08000A1DA9 /* Debug */ = {
			isa = XCBuildConfiguration;
			buildSettings = {
				BUNDLE_LOADER = "$(TEST_HOST)";
				CODE_SIGN_STYLE = Automatic;
				CURRENT_PROJECT_VERSION = 1;
				DEVELOPMENT_TEAM = NQMW98P65C;
				GENERATE_INFOPLIST_FILE = YES;
				IPHONEOS_DEPLOYMENT_TARGET = 18.2;
				MARKETING_VERSION = 1.0;
				PRODUCT_BUNDLE_IDENTIFIER = com.marcomartinez.financefriendTests;
				PRODUCT_NAME = "$(TARGET_NAME)";
				SWIFT_EMIT_LOC_STRINGS = NO;
				SWIFT_VERSION = 5.0;
				TARGETED_DEVICE_FAMILY = "1,2";
				TEST_HOST = "$(BUILT_PRODUCTS_DIR)/financefriend.app/$(BUNDLE_EXECUTABLE_FOLDER_PATH)/financefriend";
			};
			name = Debug;
		};
		606076EB2E3FEB08000A1DA9 /* Release */ = {
			isa = XCBuildConfiguration;
			buildSettings = {
				BUNDLE_LOADER = "$(TEST_HOST)";
				CODE_SIGN_STYLE = Automatic;
				CURRENT_PROJECT_VERSION = 1;
				DEVELOPMENT_TEAM = NQMW98P65C;
				GENERATE_INFOPLIST_FILE = YES;
				IPHONEOS_DEPLOYMENT_TARGET = 18.2;
				MARKETING_VERSION = 1.0;
				PRODUCT_BUNDLE_IDENTIFIER = com.marcomartinez.financefriendTests;
				PRODUCT_NAME = "$(TARGET_NAME)";
				SWIFT_EMIT_LOC_STRINGS = NO;
				SWIFT_VERSION = 5.0;
				TARGETED_DEVICE_FAMILY = "1,2";
				TEST_HOST = "$(BUILT_PRODUCTS_DIR)/financefriend.app/$(BUNDLE_EXECUTABLE_FOLDER_PATH)/financefriend";
			};
			name = Release;
		};
		606076ED2E3FEB08000A1DA9 /* Debug */ = {
			isa = XCBuildConfiguration;
			buildSettings = {
				CODE_SIGN_STYLE = Automatic;
				CURRENT_PROJECT_VERSION = 1;
				DEVELOPMENT_TEAM = NQMW98P65C;
				GENERATE_INFOPLIST_FILE = YES;
				MARKETING_VERSION = 1.0;
				PRODUCT_BUNDLE_IDENTIFIER = com.marcomartinez.financefriendUITests;
				PRODUCT_NAME = "$(TARGET_NAME)";
				SWIFT_EMIT_LOC_STRINGS = NO;
				SWIFT_VERSION = 5.0;
				TARGETED_DEVICE_FAMILY = "1,2";
				TEST_TARGET_NAME = financefriend;
			};
			name = Debug;
		};
		606076EE2E3FEB08000A1DA9 /* Release */ = {
			isa = XCBuildConfiguration;
			buildSettings = {
				CODE_SIGN_STYLE = Automatic;
				CURRENT_PROJECT_VERSION = 1;
				DEVELOPMENT_TEAM = NQMW98P65C;
				GENERATE_INFOPLIST_FILE = YES;
				MARKETING_VERSION = 1.0;
				PRODUCT_BUNDLE_IDENTIFIER = com.marcomartinez.financefriendUITests;
				PRODUCT_NAME = "$(TARGET_NAME)";
				SWIFT_EMIT_LOC_STRINGS = NO;
				SWIFT_VERSION = 5.0;
				TARGETED_DEVICE_FAMILY = "1,2";
				TEST_TARGET_NAME = financefriend;
			};
			name = Release;
		};
/* End XCBuildConfiguration section */

/* Begin XCConfigurationList section */
		606076BD2E3FEB08000A1DA9 /* Build configuration list for PBXProject "financefriend" */ = {
			isa = XCConfigurationList;
			buildConfigurations = (
				606076E42E3FEB08000A1DA9 /* Debug */,
				606076E52E3FEB08000A1DA9 /* Release */,
			);
			defaultConfigurationIsVisible = 0;
			defaultConfigurationName = Release;
		};
		606076E62E3FEB08000A1DA9 /* Build configuration list for PBXNativeTarget "financefriend" */ = {
			isa = XCConfigurationList;
			buildConfigurations = (
				606076E72E3FEB08000A1DA9 /* Debug */,
				606076E82E3FEB08000A1DA9 /* Release */,
			);
			defaultConfigurationIsVisible = 0;
			defaultConfigurationName = Release;
		};
		606076E92E3FEB08000A1DA9 /* Build configuration list for PBXNativeTarget "financefriendTests" */ = {
			isa = XCConfigurationList;
			buildConfigurations = (
				606076EA2E3FEB08000A1DA9 /* Debug */,
				606076EB2E3FEB08000A1DA9 /* Release */,
			);
			defaultConfigurationIsVisible = 0;
			defaultConfigurationName = Release;
		};
		606076EC2E3FEB08000A1DA9 /* Build configuration list for PBXNativeTarget "financefriendUITests" */ = {
			isa = XCConfigurationList;
			buildConfigurations = (
				606076ED2E3FEB08000A1DA9 /* Debug */,
				606076EE2E3FEB08000A1DA9 /* Release */,
			);
			defaultConfigurationIsVisible = 0;
			defaultConfigurationName = Release;
		};
/* End XCConfigurationList section */
	};
	rootObject = 606076BA2E3FEB08000A1DA9 /* Project object */;
}
